
Microsoft Visual Studio Solution File, Format Version 12.00
# Visual Studio 15
VisualStudioVersion = 15.0.28307.1340
MinimumVisualStudioVersion = 10.0.40219.1
Project("{8BC9CEB8-8B4A-11D0-8D11-00A0C91BC942}") = "Project2", "Project2\Project2.vcxproj", "{574F7634-81DC-4767-B39F-9F973F80566F}"
EndProject
Global
	GlobalSection(SolutionConfigurationPlatforms) = preSolution
		Debug|x64 = Debug|x64
		Debug|x86 = Debug|x86
		Release|x64 = Release|x64
		Release|x86 = Release|x86
	EndGlobalSection
	GlobalSection(ProjectConfigurationPlatforms) = postSolution
		{574F7634-81DC-4767-B39F-9F973F80566F}.Debug|x64.ActiveCfg = Debug|x64
		{574F7634-81DC-4767-B39F-9F973F80566F}.Debug|x64.Build.0 = Debug|x64
		{574F7634-81DC-4767-B39F-9F973F80566F}.Debug|x86.ActiveCfg = Debug|Win32
		{574F7634-81DC-4767-B39F-9F973F80566F}.Debug|x86.Build.0 = Debug|Win32
		{574F7634-81DC-4767-B39F-9F973F80566F}.Release|x64.ActiveCfg = Release|x64
		{574F7634-81DC-4767-B39F-9F973F80566F}.Release|x64.Build.0 = Release|x64
		{574F7634-81DC-4767-B39F-9F973F80566F}.Release|x86.ActiveCfg = Release|Win32
		{574F7634-81DC-4767-B39F-9F973F80566F}.Release|x86.Build.0 = Release|Win32
	EndGlobalSection
	GlobalSection(SolutionProperties) = preSolution
		HideSolutionNode = FALSE
	EndGlobalSection
	GlobalSection(ExtensibilityGlobals) = postSolution
		SolutionGuid = {9DB62F4A-D8EB-4B83-A78B-F3754D2FB5B4}
	EndGlobalSection
EndGlobal
